
Microsoft Visual Studio Solution File, Format Version 12.00
# Visual Studio Version 16
VisualStudioVersion = 16.0.30021.99
MinimumVisualStudioVersion = 10.0.40219.1
Project("{9A19103F-16F7-4668-BE54-9A1E7A4F7556}") = "Infra.ServiceHostBuilder", "src\Infra.ServiceHostBuilder\Infra.ServiceHostBuilder.csproj", "{3E36A705-FCD5-48B5-9E5D-46A6F681E8A5}"
EndProject
Global
	GlobalSection(SolutionConfigurationPlatforms) = preSolution
		Debug|Any CPU = Debug|Any CPU
		Release|Any CPU = Release|Any CPU
	EndGlobalSection
	GlobalSection(ProjectConfigurationPlatforms) = postSolution
		{3E36A705-FCD5-48B5-9E5D-46A6F681E8A5}.Debug|Any CPU.ActiveCfg = Debug|Any CPU
		{3E36A705-FCD5-48B5-9E5D-46A6F681E8A5}.Debug|Any CPU.Build.0 = Debug|Any CPU
		{3E36A705-FCD5-48B5-9E5D-46A6F681E8A5}.Release|Any CPU.ActiveCfg = Release|Any CPU
		{3E36A705-FCD5-48B5-9E5D-46A6F681E8A5}.Release|Any CPU.Build.0 = Release|Any CPU
	EndGlobalSection
	GlobalSection(SolutionProperties) = preSolution
		HideSolutionNode = FALSE
	EndGlobalSection
	GlobalSection(ExtensibilityGlobals) = postSolution
		SolutionGuid = {5EE306B1-0608-4A62-BE38-35B7C111BA39}
	EndGlobalSection
EndGlobal
